
Microsoft Visual Studio Solution File, Format Version 12.00
# Visual Studio Version 16
VisualStudioVersion = 16.0.30611.23
MinimumVisualStudioVersion = 10.0.40219.1
Project("{FAE04EC0-301F-11D3-BF4B-00C04F79EFBC}") = "RtfParser", "RtfParser\RtfParser.csproj", "{0913A51F-696E-4386-88CC-93D47D95227C}"
EndProject
Project("{FAE04EC0-301F-11D3-BF4B-00C04F79EFBC}") = "VkStatus", "VkStatus\VkStatus.csproj", "{1238B604-C4FB-48E9-8479-3863BBA399C1}"
EndProject
Global
	GlobalSection(SolutionConfigurationPlatforms) = preSolution
		Debug|Any CPU = Debug|Any CPU
		Release|Any CPU = Release|Any CPU
	EndGlobalSection
	GlobalSection(ProjectConfigurationPlatforms) = postSolution
		{0913A51F-696E-4386-88CC-93D47D95227C}.Debug|Any CPU.ActiveCfg = Debug|Any CPU
		{0913A51F-696E-4386-88CC-93D47D95227C}.Debug|Any CPU.Build.0 = Debug|Any CPU
		{0913A51F-696E-4386-88CC-93D47D95227C}.Release|Any CPU.ActiveCfg = Release|Any CPU
		{0913A51F-696E-4386-88CC-93D47D95227C}.Release|Any CPU.Build.0 = Release|Any CPU
		{1238B604-C4FB-48E9-8479-3863BBA399C1}.Debug|Any CPU.ActiveCfg = Debug|Any CPU
		{1238B604-C4FB-48E9-8479-3863BBA399C1}.Debug|Any CPU.Build.0 = Debug|Any CPU
		{1238B604-C4FB-48E9-8479-3863BBA399C1}.Release|Any CPU.ActiveCfg = Release|Any CPU
		{1238B604-C4FB-48E9-8479-3863BBA399C1}.Release|Any CPU.Build.0 = Release|Any CPU
	EndGlobalSection
	GlobalSection(SolutionProperties) = preSolution
		HideSolutionNode = FALSE
	EndGlobalSection
	GlobalSection(ExtensibilityGlobals) = postSolution
		SolutionGuid = {72A6A671-93EC-4C71-B7D5-B2BE4B8D0E15}
	EndGlobalSection
EndGlobal
